
Microsoft Visual Studio Solution File, Format Version 12.00
# Visual Studio Version 16
VisualStudioVersion = 16.0.30413.136
MinimumVisualStudioVersion = 10.0.40219.1
Project("{9A19103F-16F7-4668-BE54-9A1E7A4F7556}") = "DeviceApp", "DeviceApp\DeviceApp.csproj", "{040EFB6A-4C3D-40B7-81B4-5018F238E8FE}"
EndProject
Project("{9A19103F-16F7-4668-BE54-9A1E7A4F7556}") = "DeviceApp.Test", "DeviceApp.Test\DeviceApp.Test.csproj", "{00267747-71CE-4FCC-AA0D-74C8B2F91CEF}"
EndProject
Project("{FAE04EC0-301F-11D3-BF4B-00C04F79EFBC}") = "ServiceApp", "ServiceApp\ServiceApp.csproj", "{CA024D1D-CF66-429B-9B6C-BFCE9E9C9718}"
EndProject
Global
	GlobalSection(SolutionConfigurationPlatforms) = preSolution
		Debug|Any CPU = Debug|Any CPU
		Release|Any CPU = Release|Any CPU
	EndGlobalSection
	GlobalSection(ProjectConfigurationPlatforms) = postSolution
		{040EFB6A-4C3D-40B7-81B4-5018F238E8FE}.Debug|Any CPU.ActiveCfg = Debug|Any CPU
		{040EFB6A-4C3D-40B7-81B4-5018F238E8FE}.Debug|Any CPU.Build.0 = Debug|Any CPU
		{040EFB6A-4C3D-40B7-81B4-5018F238E8FE}.Release|Any CPU.ActiveCfg = Release|Any CPU
		{040EFB6A-4C3D-40B7-81B4-5018F238E8FE}.Release|Any CPU.Build.0 = Release|Any CPU
		{00267747-71CE-4FCC-AA0D-74C8B2F91CEF}.Debug|Any CPU.ActiveCfg = Debug|Any CPU
		{00267747-71CE-4FCC-AA0D-74C8B2F91CEF}.Debug|Any CPU.Build.0 = Debug|Any CPU
		{00267747-71CE-4FCC-AA0D-74C8B2F91CEF}.Release|Any CPU.ActiveCfg = Release|Any CPU
		{00267747-71CE-4FCC-AA0D-74C8B2F91CEF}.Release|Any CPU.Build.0 = Release|Any CPU
		{CA024D1D-CF66-429B-9B6C-BFCE9E9C9718}.Debug|Any CPU.ActiveCfg = Debug|Any CPU
		{CA024D1D-CF66-429B-9B6C-BFCE9E9C9718}.Debug|Any CPU.Build.0 = Debug|Any CPU
		{CA024D1D-CF66-429B-9B6C-BFCE9E9C9718}.Release|Any CPU.ActiveCfg = Release|Any CPU
		{CA024D1D-CF66-429B-9B6C-BFCE9E9C9718}.Release|Any CPU.Build.0 = Release|Any CPU
	EndGlobalSection
	GlobalSection(SolutionProperties) = preSolution
		HideSolutionNode = FALSE
	EndGlobalSection
	GlobalSection(ExtensibilityGlobals) = postSolution
		SolutionGuid = {AB9ED465-0D8F-458F-B782-2F904EE6BDE2}
	EndGlobalSection
EndGlobal
